// !$*UTF8*$!
{
	archiveVersion = 1;
	classes = {
	};
	objectVersion = 50;
	objects = {

/* Begin PBXBuildFile section */
		9720183022ED501F002D4841 /* GTVideoViewController.m in Sources */ = {isa = PBXBuildFile; fileRef = 9720182F22ED501F002D4841 /* GTVideoViewController.m */; };
		9742B9822312700000FB443E /* GTDetailViewController.m in Sources */ = {isa = PBXBuildFile; fileRef = 9742B9812312700000FB443E /* GTDetailViewController.m */; };
		976F31FA23113648005E4978 /* GTNormalTableViewCell.m in Sources */ = {isa = PBXBuildFile; fileRef = 976F31F923113648005E4978 /* GTNormalTableViewCell.m */; };
		979C977622B49A3A00EFB8F8 /* AppDelegate.m in Sources */ = {isa = PBXBuildFile; fileRef = 979C977522B49A3A00EFB8F8 /* AppDelegate.m */; };
		979C977922B49A3A00EFB8F8 /* GTNewsViewController.m in Sources */ = {isa = PBXBuildFile; fileRef = 979C977822B49A3A00EFB8F8 /* GTNewsViewController.m */; };
		979C977E22B49A3B00EFB8F8 /* Assets.xcassets in Resources */ = {isa = PBXBuildFile; fileRef = 979C977D22B49A3B00EFB8F8 /* Assets.xcassets */; };
		979C978122B49A3B00EFB8F8 /* LaunchScreen.storyboard in Resources */ = {isa = PBXBuildFile; fileRef = 979C977F22B49A3B00EFB8F8 /* LaunchScreen.storyboard */; };
		979C978422B49A3B00EFB8F8 /* main.m in Sources */ = {isa = PBXBuildFile; fileRef = 979C978322B49A3B00EFB8F8 /* main.m */; };
		979C97CE22B670FC00EFB8F8 /* icon.bundle in Resources */ = {isa = PBXBuildFile; fileRef = 979C97CD22B670FC00EFB8F8 /* icon.bundle */; };
		979C97CF22B670FC00EFB8F8 /* icon.bundle in Resources */ = {isa = PBXBuildFile; fileRef = 979C97CD22B670FC00EFB8F8 /* icon.bundle */; };
		97A4549B231A5C520032B205 /* GTDeleteCellView.m in Sources */ = {isa = PBXBuildFile; fileRef = 97A4549A231A5C520032B205 /* GTDeleteCellView.m */; };
		97A460362337C03400138AB6 /* GTListItem.m in Sources */ = {isa = PBXBuildFile; fileRef = 97A460352337C03400138AB6 /* GTListItem.m */; };
		97B7849B22F5294700DC8C77 /* GTRecommendViewController.m in Sources */ = {isa = PBXBuildFile; fileRef = 97B7849A22F5294700DC8C77 /* GTRecommendViewController.m */; };
		97C8BCE623239773009C3571 /* GTListLoader.m in Sources */ = {isa = PBXBuildFile; fileRef = 97C8BCE523239773009C3571 /* GTListLoader.m */; };
		B08C7BE3C6991FB20FAE2787 /* libPods-learn-iOS.a in Frameworks */ = {isa = PBXBuildFile; fileRef = 0241079D5C5C8EF6517463BD /* libPods-learn-iOS.a */; };
/* End PBXBuildFile section */

/* Begin PBXFileReference section */
		0241079D5C5C8EF6517463BD /* libPods-learn-iOS.a */ = {isa = PBXFileReference; explicitFileType = archive.ar; includeInIndex = 0; path = "libPods-learn-iOS.a"; sourceTree = BUILT_PRODUCTS_DIR; };
		9720182E22ED501F002D4841 /* GTVideoViewController.h */ = {isa = PBXFileReference; lastKnownFileType = sourcecode.c.h; path = GTVideoViewController.h; sourceTree = "<group>"; };
		9720182F22ED501F002D4841 /* GTVideoViewController.m */ = {isa = PBXFileReference; lastKnownFileType = sourcecode.c.objc; path = GTVideoViewController.m; sourceTree = "<group>"; };
		9742B9802312700000FB443E /* GTDetailViewController.h */ = {isa = PBXFileReference; lastKnownFileType = sourcecode.c.h; path = GTDetailViewController.h; sourceTree = "<group>"; };
		9742B9812312700000FB443E /* GTDetailViewController.m */ = {isa = PBXFileReference; lastKnownFileType = sourcecode.c.objc; path = GTDetailViewController.m; sourceTree = "<group>"; };
		976F31F823113648005E4978 /* GTNormalTableViewCell.h */ = {isa = PBXFileReference; lastKnownFileType = sourcecode.c.h; path = GTNormalTableViewCell.h; sourceTree = "<group>"; };
		976F31F923113648005E4978 /* GTNormalTableViewCell.m */ = {isa = PBXFileReference; lastKnownFileType = sourcecode.c.objc; path = GTNormalTableViewCell.m; sourceTree = "<group>"; };
		979C977122B49A3A00EFB8F8 /* learn-iOS.app */ = {isa = PBXFileReference; explicitFileType = wrapper.application; includeInIndex = 0; path = "learn-iOS.app"; sourceTree = BUILT_PRODUCTS_DIR; };
		979C977422B49A3A00EFB8F8 /* AppDelegate.h */ = {isa = PBXFileReference; lastKnownFileType = sourcecode.c.h; path = AppDelegate.h; sourceTree = "<group>"; };
		979C977522B49A3A00EFB8F8 /* AppDelegate.m */ = {isa = PBXFileReference; lastKnownFileType = sourcecode.c.objc; path = AppDelegate.m; sourceTree = "<group>"; };
		979C977722B49A3A00EFB8F8 /* GTNewsViewController.h */ = {isa = PBXFileReference; lastKnownFileType = sourcecode.c.h; path = GTNewsViewController.h; sourceTree = "<group>"; };
		979C977822B49A3A00EFB8F8 /* GTNewsViewController.m */ = {isa = PBXFileReference; lastKnownFileType = sourcecode.c.objc; path = GTNewsViewController.m; sourceTree = "<group>"; };
		979C977D22B49A3B00EFB8F8 /* Assets.xcassets */ = {isa = PBXFileReference; lastKnownFileType = folder.assetcatalog; path = Assets.xcassets; sourceTree = "<group>"; };
		979C978022B49A3B00EFB8F8 /* Base */ = {isa = PBXFileReference; lastKnownFileType = file.storyboard; name = Base; path = Base.lproj/LaunchScreen.storyboard; sourceTree = "<group>"; };
		979C978222B49A3B00EFB8F8 /* Info.plist */ = {isa = PBXFileReference; lastKnownFileType = text.plist.xml; path = Info.plist; sourceTree = "<group>"; };
		979C978322B49A3B00EFB8F8 /* main.m */ = {isa = PBXFileReference; lastKnownFileType = sourcecode.c.objc; path = main.m; sourceTree = "<group>"; };
		979C978D22B49A3B00EFB8F8 /* learnTests.m */ = {isa = PBXFileReference; lastKnownFileType = sourcecode.c.objc; path = learnTests.m; sourceTree = "<group>"; };
		979C978F22B49A3B00EFB8F8 /* Info.plist */ = {isa = PBXFileReference; lastKnownFileType = text.plist.xml; path = Info.plist; sourceTree = "<group>"; };
		979C979822B49A3B00EFB8F8 /* learnUITests.m */ = {isa = PBXFileReference; lastKnownFileType = sourcecode.c.objc; path = learnUITests.m; sourceTree = "<group>"; };
		979C979A22B49A3B00EFB8F8 /* Info.plist */ = {isa = PBXFileReference; lastKnownFileType = text.plist.xml; path = Info.plist; sourceTree = "<group>"; };
		979C97C722B66F4000EFB8F8 /* icon.bundle */ = {isa = PBXFileReference; explicitFileType = wrapper.cfbundle; includeInIndex = 0; path = icon.bundle; sourceTree = BUILT_PRODUCTS_DIR; };
		979C97C922B66F4000EFB8F8 /* Info.plist */ = {isa = PBXFileReference; lastKnownFileType = text.plist.xml; path = Info.plist; sourceTree = "<group>"; };
		979C97CD22B670FC00EFB8F8 /* icon.bundle */ = {isa = PBXFileReference; lastKnownFileType = "wrapper.plug-in"; path = icon.bundle; sourceTree = "<group>"; };
		97A45499231A5C520032B205 /* GTDeleteCellView.h */ = {isa = PBXFileReference; lastKnownFileType = sourcecode.c.h; path = GTDeleteCellView.h; sourceTree = "<group>"; };
		97A4549A231A5C520032B205 /* GTDeleteCellView.m */ = {isa = PBXFileReference; lastKnownFileType = sourcecode.c.objc; path = GTDeleteCellView.m; sourceTree = "<group>"; };
		97A460342337C03400138AB6 /* GTListItem.h */ = {isa = PBXFileReference; lastKnownFileType = sourcecode.c.h; path = GTListItem.h; sourceTree = "<group>"; };
		97A460352337C03400138AB6 /* GTListItem.m */ = {isa = PBXFileReference; lastKnownFileType = sourcecode.c.objc; path = GTListItem.m; sourceTree = "<group>"; };
		97B7849922F5294700DC8C77 /* GTRecommendViewController.h */ = {isa = PBXFileReference; lastKnownFileType = sourcecode.c.h; path = GTRecommendViewController.h; sourceTree = "<group>"; };
		97B7849A22F5294700DC8C77 /* GTRecommendViewController.m */ = {isa = PBXFileReference; lastKnownFileType = sourcecode.c.objc; path = GTRecommendViewController.m; sourceTree = "<group>"; };
		97C8BCE423239773009C3571 /* GTListLoader.h */ = {isa = PBXFileReference; lastKnownFileType = sourcecode.c.h; path = GTListLoader.h; sourceTree = "<group>"; };
		97C8BCE523239773009C3571 /* GTListLoader.m */ = {isa = PBXFileReference; lastKnownFileType = sourcecode.c.objc; path = GTListLoader.m; sourceTree = "<group>"; };
		A7EC69D19AD8CF01B7F3A779 /* Pods-learn-iOS.release.xcconfig */ = {isa = PBXFileReference; includeInIndex = 1; lastKnownFileType = text.xcconfig; name = "Pods-learn-iOS.release.xcconfig"; path = "Pods/Target Support Files/Pods-learn-iOS/Pods-learn-iOS.release.xcconfig"; sourceTree = "<group>"; };
		C321985C3211576A276BA752 /* Pods-learn-iOS.debug.xcconfig */ = {isa = PBXFileReference; includeInIndex = 1; lastKnownFileType = text.xcconfig; name = "Pods-learn-iOS.debug.xcconfig"; path = "Pods/Target Support Files/Pods-learn-iOS/Pods-learn-iOS.debug.xcconfig"; sourceTree = "<group>"; };
/* End PBXFileReference section */

/* Begin PBXFrameworksBuildPhase section */
		979C976E22B49A3A00EFB8F8 /* Frameworks */ = {
			isa = PBXFrameworksBuildPhase;
			buildActionMask = 2147483647;
			files = (
				B08C7BE3C6991FB20FAE2787 /* libPods-learn-iOS.a in Frameworks */,
			);
			runOnlyForDeploymentPostprocessing = 0;
		};
		979C97C422B66F4000EFB8F8 /* Frameworks */ = {
			isa = PBXFrameworksBuildPhase;
			buildActionMask = 2147483647;
			files = (
			);
			runOnlyForDeploymentPostprocessing = 0;
		};
/* End PBXFrameworksBuildPhase section */

/* Begin PBXGroup section */
		9769FDC0231A88440021C9D8 /* NewsController */ = {
			isa = PBXGroup;
			children = (
				97A460322337BF8C00138AB6 /* View */,
				97A460332337BF9700138AB6 /* Controller */,
				97A460312337BF7E00138AB6 /* Model */,
				9769FDC1231A88750021C9D8 /* Detail */,
			);
			path = NewsController;
			sourceTree = "<group>";
		};
		9769FDC1231A88750021C9D8 /* Detail */ = {
			isa = PBXGroup;
			children = (
				979C977722B49A3A00EFB8F8 /* GTNewsViewController.h */,
				979C977822B49A3A00EFB8F8 /* GTNewsViewController.m */,
			);
			path = Detail;
			sourceTree = "<group>";
		};
		979C976822B49A3A00EFB8F8 = {
			isa = PBXGroup;
			children = (
				979C977322B49A3A00EFB8F8 /* learn */,
				979C978C22B49A3B00EFB8F8 /* learnTests */,
				979C979722B49A3B00EFB8F8 /* learnUITests */,
				979C97C822B66F4000EFB8F8 /* icon */,
				979C977222B49A3A00EFB8F8 /* Products */,
				C9BE1A3E22980FAC939D1722 /* Pods */,
				C62EBB0F8C0F2198FF1C3C8E /* Frameworks */,
			);
			sourceTree = "<group>";
		};
		979C977222B49A3A00EFB8F8 /* Products */ = {
			isa = PBXGroup;
			children = (
				979C977122B49A3A00EFB8F8 /* learn-iOS.app */,
				979C97C722B66F4000EFB8F8 /* icon.bundle */,
			);
			name = Products;
			sourceTree = "<group>";
		};
		979C977322B49A3A00EFB8F8 /* learn */ = {
			isa = PBXGroup;
			children = (
				9769FDC0231A88440021C9D8 /* NewsController */,
				979C97CD22B670FC00EFB8F8 /* icon.bundle */,
				979C977422B49A3A00EFB8F8 /* AppDelegate.h */,
				979C977522B49A3A00EFB8F8 /* AppDelegate.m */,
				979C977D22B49A3B00EFB8F8 /* Assets.xcassets */,
				979C977F22B49A3B00EFB8F8 /* LaunchScreen.storyboard */,
				979C978222B49A3B00EFB8F8 /* Info.plist */,
				979C978322B49A3B00EFB8F8 /* main.m */,
				9720182E22ED501F002D4841 /* GTVideoViewController.h */,
				9720182F22ED501F002D4841 /* GTVideoViewController.m */,
				97B7849922F5294700DC8C77 /* GTRecommendViewController.h */,
				97B7849A22F5294700DC8C77 /* GTRecommendViewController.m */,
			);
			path = learn;
			sourceTree = "<group>";
		};
		979C978C22B49A3B00EFB8F8 /* learnTests */ = {
			isa = PBXGroup;
			children = (
				979C978D22B49A3B00EFB8F8 /* learnTests.m */,
				979C978F22B49A3B00EFB8F8 /* Info.plist */,
			);
			path = learnTests;
			sourceTree = "<group>";
		};
		979C979722B49A3B00EFB8F8 /* learnUITests */ = {
			isa = PBXGroup;
			children = (
				979C979822B49A3B00EFB8F8 /* learnUITests.m */,
				979C979A22B49A3B00EFB8F8 /* Info.plist */,
			);
			path = learnUITests;
			sourceTree = "<group>";
		};
		979C97C822B66F4000EFB8F8 /* icon */ = {
			isa = PBXGroup;
			children = (
				979C97C922B66F4000EFB8F8 /* Info.plist */,
			);
			path = icon;
			sourceTree = "<group>";
		};
		97A460312337BF7E00138AB6 /* Model */ = {
			isa = PBXGroup;
			children = (
				97C8BCE423239773009C3571 /* GTListLoader.h */,
				97C8BCE523239773009C3571 /* GTListLoader.m */,
				97A460342337C03400138AB6 /* GTListItem.h */,
				97A460352337C03400138AB6 /* GTListItem.m */,
			);
			path = Model;
			sourceTree = "<group>";
		};
		97A460322337BF8C00138AB6 /* View */ = {
			isa = PBXGroup;
			children = (
				976F31F823113648005E4978 /* GTNormalTableViewCell.h */,
				976F31F923113648005E4978 /* GTNormalTableViewCell.m */,
				97A45499231A5C520032B205 /* GTDeleteCellView.h */,
				97A4549A231A5C520032B205 /* GTDeleteCellView.m */,
			);
			path = View;
			sourceTree = "<group>";
		};
		97A460332337BF9700138AB6 /* Controller */ = {
			isa = PBXGroup;
			children = (
				9742B9802312700000FB443E /* GTDetailViewController.h */,
				9742B9812312700000FB443E /* GTDetailViewController.m */,
			);
			path = Controller;
			sourceTree = "<group>";
		};
		C62EBB0F8C0F2198FF1C3C8E /* Frameworks */ = {
			isa = PBXGroup;
			children = (
				0241079D5C5C8EF6517463BD /* libPods-learn-iOS.a */,
			);
			name = Frameworks;
			sourceTree = "<group>";
		};
		C9BE1A3E22980FAC939D1722 /* Pods */ = {
			isa = PBXGroup;
			children = (
				C321985C3211576A276BA752 /* Pods-learn-iOS.debug.xcconfig */,
				A7EC69D19AD8CF01B7F3A779 /* Pods-learn-iOS.release.xcconfig */,
			);
			name = Pods;
			sourceTree = "<group>";
		};
/* End PBXGroup section */

/* Begin PBXNativeTarget section */
		979C977022B49A3A00EFB8F8 /* learn-iOS */ = {
			isa = PBXNativeTarget;
			buildConfigurationList = 979C979D22B49A3B00EFB8F8 /* Build configuration list for PBXNativeTarget "learn-iOS" */;
			buildPhases = (
				7E86861FE189946C6F388BAA /* [CP] Check Pods Manifest.lock */,
				979C976D22B49A3A00EFB8F8 /* Sources */,
				979C976E22B49A3A00EFB8F8 /* Frameworks */,
				979C976F22B49A3A00EFB8F8 /* Resources */,
			);
			buildRules = (
			);
			dependencies = (
			);
			name = "learn-iOS";
			productName = learn;
			productReference = 979C977122B49A3A00EFB8F8 /* learn-iOS.app */;
			productType = "com.apple.product-type.application";
		};
		979C97C622B66F4000EFB8F8 /* icon */ = {
			isa = PBXNativeTarget;
			buildConfigurationList = 979C97CA22B66F4000EFB8F8 /* Build configuration list for PBXNativeTarget "icon" */;
			buildPhases = (
				979C97C322B66F4000EFB8F8 /* Sources */,
				979C97C422B66F4000EFB8F8 /* Frameworks */,
				979C97C522B66F4000EFB8F8 /* Resources */,
			);
			buildRules = (
			);
			dependencies = (
			);
			name = icon;
			productName = icon;
			productReference = 979C97C722B66F4000EFB8F8 /* icon.bundle */;
			productType = "com.apple.product-type.bundle";
		};
/* End PBXNativeTarget section */

/* Begin PBXProject section */
		979C976922B49A3A00EFB8F8 /* Project object */ = {
			isa = PBXProject;
			attributes = {
				LastUpgradeCheck = 1020;
				ORGANIZATIONNAME = superpig;
				TargetAttributes = {
					979C977022B49A3A00EFB8F8 = {
						CreatedOnToolsVersion = 10.2.1;
					};
					979C97C622B66F4000EFB8F8 = {
						CreatedOnToolsVersion = 10.2.1;
					};
				};
			};
			buildConfigurationList = 979C976C22B49A3A00EFB8F8 /* Build configuration list for PBXProject "learn-iOS" */;
			compatibilityVersion = "Xcode 9.3";
			developmentRegion = en;
			hasScannedForEncodings = 0;
			knownRegions = (
				en,
				Base,
			);
			mainGroup = 979C976822B49A3A00EFB8F8;
			productRefGroup = 979C977222B49A3A00EFB8F8 /* Products */;
			projectDirPath = "";
			projectRoot = "";
			targets = (
				979C977022B49A3A00EFB8F8 /* learn-iOS */,
				979C97C622B66F4000EFB8F8 /* icon */,
			);
		};
/* End PBXProject section */

/* Begin PBXResourcesBuildPhase section */
		979C976F22B49A3A00EFB8F8 /* Resources */ = {
			isa = PBXResourcesBuildPhase;
			buildActionMask = 2147483647;
			files = (
				979C978122B49A3B00EFB8F8 /* LaunchScreen.storyboard in Resources */,
				979C977E22B49A3B00EFB8F8 /* Assets.xcassets in Resources */,
				979C97CE22B670FC00EFB8F8 /* icon.bundle in Resources */,
			);
			runOnlyForDeploymentPostprocessing = 0;
		};
		979C97C522B66F4000EFB8F8 /* Resources */ = {
			isa = PBXResourcesBuildPhase;
			buildActionMask = 2147483647;
			files = (
				979C97CF22B670FC00EFB8F8 /* icon.bundle in Resources */,
			);
			runOnlyForDeploymentPostprocessing = 0;
		};
/* End PBXResourcesBuildPhase section */

/* Begin PBXShellScriptBuildPhase section */
		7E86861FE189946C6F388BAA /* [CP] Check Pods Manifest.lock */ = {
			isa = PBXShellScriptBuildPhase;
			buildActionMask = 2147483647;
			files = (
			);
			inputFileListPaths = (
			);
			inputPaths = (
				"${PODS_PODFILE_DIR_PATH}/Podfile.lock",
				"${PODS_ROOT}/Manifest.lock",
			);
			name = "[CP] Check Pods Manifest.lock";
			outputFileListPaths = (
			);
			outputPaths = (
				"$(DERIVED_FILE_DIR)/Pods-learn-iOS-checkManifestLockResult.txt",
			);
			runOnlyForDeploymentPostprocessing = 0;
			shellPath = /bin/sh;
			shellScript = "diff \"${PODS_PODFILE_DIR_PATH}/Podfile.lock\" \"${PODS_ROOT}/Manifest.lock\" > /dev/null\nif [ $? != 0 ] ; then\n    # print error to STDERR\n    echo \"error: The sandbox is not in sync with the Podfile.lock. Run 'pod install' or update your CocoaPods installation.\" >&2\n    exit 1\nfi\n# This output is used by Xcode 'outputs' to avoid re-running this script phase.\necho \"SUCCESS\" > \"${SCRIPT_OUTPUT_FILE_0}\"\n";
			showEnvVarsInLog = 0;
		};
/* End PBXShellScriptBuildPhase section */

/* Begin PBXSourcesBuildPhase section */
		979C976D22B49A3A00EFB8F8 /* Sources */ = {
			isa = PBXSourcesBuildPhase;
			buildActionMask = 2147483647;
			files = (
				979C977922B49A3A00EFB8F8 /* GTNewsViewController.m in Sources */,
				979C978422B49A3B00EFB8F8 /* main.m in Sources */,
				979C977622B49A3A00EFB8F8 /* AppDelegate.m in Sources */,
				97A460362337C03400138AB6 /* GTListItem.m in Sources */,
				976F31FA23113648005E4978 /* GTNormalTableViewCell.m in Sources */,
				97C8BCE623239773009C3571 /* GTListLoader.m in Sources */,
				9742B9822312700000FB443E /* GTDetailViewController.m in Sources */,
				97B7849B22F5294700DC8C77 /* GTRecommendViewController.m in Sources */,
				97A4549B231A5C520032B205 /* GTDeleteCellView.m in Sources */,
				9720183022ED501F002D4841 /* GTVideoViewController.m in Sources */,
			);
			runOnlyForDeploymentPostprocessing = 0;
		};
		979C97C322B66F4000EFB8F8 /* Sources */ = {
			isa = PBXSourcesBuildPhase;
			buildActionMask = 2147483647;
			files = (
			);
			runOnlyForDeploymentPostprocessing = 0;
		};
/* End PBXSourcesBuildPhase section */

/* Begin PBXVariantGroup section */
		979C977F22B49A3B00EFB8F8 /* LaunchScreen.storyboard */ = {
			isa = PBXVariantGroup;
			children = (
				979C978022B49A3B00EFB8F8 /* Base */,
			);
			name = LaunchScreen.storyboard;
			sourceTree = "<group>";
		};
/* End PBXVariantGroup section */

/* Begin XCBuildConfiguration section */
		979C979B22B49A3B00EFB8F8 /* Debug */ = {
			isa = XCBuildConfiguration;
			buildSettings = {
				ALWAYS_SEARCH_USER_PATHS = NO;
				CLANG_ANALYZER_NONNULL = YES;
				CLANG_ANALYZER_NUMBER_OBJECT_CONVERSION = YES_AGGRESSIVE;
				CLANG_CXX_LANGUAGE_STANDARD = "gnu++14";
				CLANG_CXX_LIBRARY = "libc++";
				CLANG_ENABLE_MODULES = YES;
				CLANG_ENABLE_OBJC_ARC = YES;
				CLANG_ENABLE_OBJC_WEAK = YES;
				CLANG_WARN_BLOCK_CAPTURE_AUTORELEASING = YES;
				CLANG_WARN_BOOL_CONVERSION = YES;
				CLANG_WARN_COMMA = YES;
				CLANG_WARN_CONSTANT_CONVERSION = YES;
				CLANG_WARN_DEPRECATED_OBJC_IMPLEMENTATIONS = YES;
				CLANG_WARN_DIRECT_OBJC_ISA_USAGE = YES_ERROR;
				CLANG_WARN_DOCUMENTATION_COMMENTS = YES;
				CLANG_WARN_EMPTY_BODY = YES;
				CLANG_WARN_ENUM_CONVERSION = YES;
				CLANG_WARN_INFINITE_RECURSION = YES;
				CLANG_WARN_INT_CONVERSION = YES;
				CLANG_WARN_NON_LITERAL_NULL_CONVERSION = YES;
				CLANG_WARN_OBJC_IMPLICIT_RETAIN_SELF = YES;
				CLANG_WARN_OBJC_LITERAL_CONVERSION = YES;
				CLANG_WARN_OBJC_ROOT_CLASS = YES_ERROR;
				CLANG_WARN_RANGE_LOOP_ANALYSIS = YES;
				CLANG_WARN_STRICT_PROTOTYPES = YES;
				CLANG_WARN_SUSPICIOUS_MOVE = YES;
				CLANG_WARN_UNGUARDED_AVAILABILITY = YES_AGGRESSIVE;
				CLANG_WARN_UNREACHABLE_CODE = YES;
				CLANG_WARN__DUPLICATE_METHOD_MATCH = YES;
				CODE_SIGN_IDENTITY = "iPhone Developer";
				COPY_PHASE_STRIP = NO;
				DEBUG_INFORMATION_FORMAT = dwarf;
				ENABLE_STRICT_OBJC_MSGSEND = YES;
				ENABLE_TESTABILITY = YES;
				GCC_C_LANGUAGE_STANDARD = gnu11;
				GCC_DYNAMIC_NO_PIC = NO;
				GCC_NO_COMMON_BLOCKS = YES;
				GCC_OPTIMIZATION_LEVEL = 0;
				GCC_PREPROCESSOR_DEFINITIONS = (
					"DEBUG=1",
					"$(inherited)",
				);
				GCC_WARN_64_TO_32_BIT_CONVERSION = YES;
				GCC_WARN_ABOUT_RETURN_TYPE = YES_ERROR;
				GCC_WARN_UNDECLARED_SELECTOR = YES;
				GCC_WARN_UNINITIALIZED_AUTOS = YES_AGGRESSIVE;
				GCC_WARN_UNUSED_FUNCTION = YES;
				GCC_WARN_UNUSED_VARIABLE = YES;
				IPHONEOS_DEPLOYMENT_TARGET = 12.2;
				MTL_ENABLE_DEBUG_INFO = INCLUDE_SOURCE;
				MTL_FAST_MATH = YES;
				ONLY_ACTIVE_ARCH = YES;
				SDKROOT = iphoneos;
			};
			name = Debug;
		};
		979C979C22B49A3B00EFB8F8 /* Release */ = {
			isa = XCBuildConfiguration;
			buildSettings = {
				ALWAYS_SEARCH_USER_PATHS = NO;
				CLANG_ANALYZER_NONNULL = YES;
				CLANG_ANALYZER_NUMBER_OBJECT_CONVERSION = YES_AGGRESSIVE;
				CLANG_CXX_LANGUAGE_STANDARD = "gnu++14";
				CLANG_CXX_LIBRARY = "libc++";
				CLANG_ENABLE_MODULES = YES;
				CLANG_ENABLE_OBJC_ARC = YES;
				CLANG_ENABLE_OBJC_WEAK = YES;
				CLANG_WARN_BLOCK_CAPTURE_AUTORELEASING = YES;
				CLANG_WARN_BOOL_CONVERSION = YES;
				CLANG_WARN_COMMA = YES;
				CLANG_WARN_CONSTANT_CONVERSION = YES;
				CLANG_WARN_DEPRECATED_OBJC_IMPLEMENTATIONS = YES;
				CLANG_WARN_DIRECT_OBJC_ISA_USAGE = YES_ERROR;
				CLANG_WARN_DOCUMENTATION_COMMENTS = YES;
				CLANG_WARN_EMPTY_BODY = YES;
				CLANG_WARN_ENUM_CONVERSION = YES;
				CLANG_WARN_INFINITE_RECURSION = YES;
				CLANG_WARN_INT_CONVERSION = YES;
				CLANG_WARN_NON_LITERAL_NULL_CONVERSION = YES;
				CLANG_WARN_OBJC_IMPLICIT_RETAIN_SELF = YES;
				CLANG_WARN_OBJC_LITERAL_CONVERSION = YES;
				CLANG_WARN_OBJC_ROOT_CLASS = YES_ERROR;
				CLANG_WARN_RANGE_LOOP_ANALYSIS = YES;
				CLANG_WARN_STRICT_PROTOTYPES = YES;
				CLANG_WARN_SUSPICIOUS_MOVE = YES;
				CLANG_WARN_UNGUARDED_AVAILABILITY = YES_AGGRESSIVE;
				CLANG_WARN_UNREACHABLE_CODE = YES;
				CLANG_WARN__DUPLICATE_METHOD_MATCH = YES;
				CODE_SIGN_IDENTITY = "iPhone Developer";
				COPY_PHASE_STRIP = NO;
				DEBUG_INFORMATION_FORMAT = "dwarf-with-dsym";
				ENABLE_NS_ASSERTIONS = NO;
				ENABLE_STRICT_OBJC_MSGSEND = YES;
				GCC_C_LANGUAGE_STANDARD = gnu11;
				GCC_NO_COMMON_BLOCKS = YES;
				GCC_WARN_64_TO_32_BIT_CONVERSION = YES;
				GCC_WARN_ABOUT_RETURN_TYPE = YES_ERROR;
				GCC_WARN_UNDECLARED_SELECTOR = YES;
				GCC_WARN_UNINITIALIZED_AUTOS = YES_AGGRESSIVE;
				GCC_WARN_UNUSED_FUNCTION = YES;
				GCC_WARN_UNUSED_VARIABLE = YES;
				IPHONEOS_DEPLOYMENT_TARGET = 12.2;
				MTL_ENABLE_DEBUG_INFO = NO;
				MTL_FAST_MATH = YES;
				SDKROOT = iphoneos;
				VALIDATE_PRODUCT = YES;
			};
			name = Release;
		};
		979C979E22B49A3B00EFB8F8 /* Debug */ = {
			isa = XCBuildConfiguration;
			baseConfigurationReference = C321985C3211576A276BA752 /* Pods-learn-iOS.debug.xcconfig */;
			buildSettings = {
				ASSETCATALOG_COMPILER_APPICON_NAME = AppIcon;
				CODE_SIGN_STYLE = Automatic;
				DEVELOPMENT_TEAM = 7BMB397Q52;
				INFOPLIST_FILE = learn/Info.plist;
				LD_RUNPATH_SEARCH_PATHS = (
					"$(inherited)",
					"@executable_path/Frameworks",
				);
				ONLY_ACTIVE_ARCH = NO;
				PRODUCT_BUNDLE_IDENTIFIER = none.learn;
				PRODUCT_NAME = "$(TARGET_NAME)";
				TARGETED_DEVICE_FAMILY = "1,2";
			};
			name = Debug;
		};
		979C979F22B49A3B00EFB8F8 /* Release */ = {
			isa = XCBuildConfiguration;
			baseConfigurationReference = A7EC69D19AD8CF01B7F3A779 /* Pods-learn-iOS.release.xcconfig */;
			buildSettings = {
				ASSETCATALOG_COMPILER_APPICON_NAME = AppIcon;
				CODE_SIGN_STYLE = Automatic;
				DEVELOPMENT_TEAM = 7BMB397Q52;
				INFOPLIST_FILE = learn/Info.plist;
				LD_RUNPATH_SEARCH_PATHS = (
					"$(inherited)",
					"@executable_path/Frameworks",
				);
				ONLY_ACTIVE_ARCH = NO;
				PRODUCT_BUNDLE_IDENTIFIER = none.learn;
				PRODUCT_NAME = "$(TARGET_NAME)";
				TARGETED_DEVICE_FAMILY = "1,2";
			};
			name = Release;
		};
		979C97CB22B66F4000EFB8F8 /* Debug */ = {
			isa = XCBuildConfiguration;
			buildSettings = {
				CODE_SIGN_IDENTITY = "Don't Code Sign";
				CODE_SIGN_STYLE = Automatic;
				COMBINE_HIDPI_IMAGES = NO;
				COPY_PHASE_STRIP = YES;
				DEVELOPMENT_TEAM = 7BMB397Q52;
				INFOPLIST_FILE = icon/Info.plist;
				INSTALL_PATH = "";
				IPHONEOS_DEPLOYMENT_TARGET = 8.0;
				MACOSX_DEPLOYMENT_TARGET = 10.14;
				ONLY_ACTIVE_ARCH = YES;
				PRODUCT_BUNDLE_IDENTIFIER = none.icon;
				PRODUCT_NAME = "$(TARGET_NAME)";
				SDKROOT = iphoneos;
				SKIP_INSTALL = NO;
				WRAPPER_EXTENSION = bundle;
			};
			name = Debug;
		};
		979C97CC22B66F4000EFB8F8 /* Release */ = {
			isa = XCBuildConfiguration;
			buildSettings = {
				CODE_SIGN_IDENTITY = "Don't Code Sign";
				CODE_SIGN_STYLE = Automatic;
				COMBINE_HIDPI_IMAGES = NO;
				COPY_PHASE_STRIP = YES;
				DEVELOPMENT_TEAM = 7BMB397Q52;
				INFOPLIST_FILE = icon/Info.plist;
				INSTALL_PATH = "";
				IPHONEOS_DEPLOYMENT_TARGET = 8.0;
				MACOSX_DEPLOYMENT_TARGET = 10.14;
				ONLY_ACTIVE_ARCH = YES;
				PRODUCT_BUNDLE_IDENTIFIER = none.icon;
				PRODUCT_NAME = "$(TARGET_NAME)";
				SDKROOT = iphoneos;
				SKIP_INSTALL = NO;
				WRAPPER_EXTENSION = bundle;
			};
			name = Release;
		};
/* End XCBuildConfiguration section */

/* Begin XCConfigurationList section */
		979C976C22B49A3A00EFB8F8 /* Build configuration list for PBXProject "learn-iOS" */ = {
			isa = XCConfigurationList;
			buildConfigurations = (
				979C979B22B49A3B00EFB8F8 /* Debug */,
				979C979C22B49A3B00EFB8F8 /* Release */,
			);
			defaultConfigurationIsVisible = 0;
			defaultConfigurationName = Release;
		};
		979C979D22B49A3B00EFB8F8 /* Build configuration list for PBXNativeTarget "learn-iOS" */ = {
			isa = XCConfigurationList;
			buildConfigurations = (
				979C979E22B49A3B00EFB8F8 /* Debug */,
				979C979F22B49A3B00EFB8F8 /* Release */,
			);
			defaultConfigurationIsVisible = 0;
			defaultConfigurationName = Release;
		};
		979C97CA22B66F4000EFB8F8 /* Build configuration list for PBXNativeTarget "icon" */ = {
			isa = XCConfigurationList;
			buildConfigurations = (
				979C97CB22B66F4000EFB8F8 /* Debug */,
				979C97CC22B66F4000EFB8F8 /* Release */,
			);
			defaultConfigurationIsVisible = 0;
			defaultConfigurationName = Release;
		};
/* End XCConfigurationList section */
	};
	rootObject = 979C976922B49A3A00EFB8F8 /* Project object */;
}
